
Microsoft Visual Studio Solution File, Format Version 12.00
# Visual Studio 15
VisualStudioVersion = 15.0.27130.2036
MinimumVisualStudioVersion = 10.0.40219.1
Project("{FAE04EC0-301F-11D3-BF4B-00C04F79EFBC}") = "E4-2-MercadoSalazarBraulioFabian", "E4-2-MercadoSalazarBraulioFabian\E4-2-MercadoSalazarBraulioFabian.csproj", "{AF73634E-2769-40A7-B3C4-3E24A883D104}"
EndProject
Global
	GlobalSection(SolutionConfigurationPlatforms) = preSolution
		Debug|Any CPU = Debug|Any CPU
		Release|Any CPU = Release|Any CPU
	EndGlobalSection
	GlobalSection(ProjectConfigurationPlatforms) = postSolution
		{AF73634E-2769-40A7-B3C4-3E24A883D104}.Debug|Any CPU.ActiveCfg = Debug|Any CPU
		{AF73634E-2769-40A7-B3C4-3E24A883D104}.Debug|Any CPU.Build.0 = Debug|Any CPU
		{AF73634E-2769-40A7-B3C4-3E24A883D104}.Release|Any CPU.ActiveCfg = Release|Any CPU
		{AF73634E-2769-40A7-B3C4-3E24A883D104}.Release|Any CPU.Build.0 = Release|Any CPU
	EndGlobalSection
	GlobalSection(SolutionProperties) = preSolution
		HideSolutionNode = FALSE
	EndGlobalSection
	GlobalSection(ExtensibilityGlobals) = postSolution
		SolutionGuid = {25E12171-7BC0-4639-BAC3-83746CAD927C}
	EndGlobalSection
EndGlobal
